<?xml version="1.0" encoding="utf-8"?>
<Project ToolsVersion="4.0" xmlns="http://schemas.microsoft.com/developer/msbuild/2003">
  <ItemGroup>
    <Filter Include="Source Files">
      <UniqueIdentifier>{4FC737F1-C7A5-4376-A066-2A32D752A2FF}</UniqueIdentifier>
      <Extensions>cpp;c;cc;cxx;def;odl;idl;hpj;bat;asm;asmx</Extensions>
    </Filter>
    <Filter Include="Header Files">
      <UniqueIdentifier>{93995380-89BD-4b04-88EB-625FBE52EBFB}</UniqueIdentifier>
      <Extensions>h;hpp;hxx;hm;inl;inc;xsd</Extensions>
    </Filter>
    <Filter Include="Resource Files">
      <UniqueIdentifier>{67DA6AB6-F800-4c08-8B7A-83BB121AAD01}</UniqueIdentifier>
      <Extensions>rc;ico;cur;bmp;dlg;rc2;rct;bin;rgs;gif;jpg;jpeg;jpe;resx;tiff;tif;png;wav;mfcribbon-ms</Extensions>
    </Filter>
    <Filter Include="Source Files\Model">
      <UniqueIdentifier>{dfda52d7-a3d0-4ab3-93d5-3795f921117e}</UniqueIdentifier>
    </Filter>
    <Filter Include="Source Files\View">
      <UniqueIdentifier>{6f60c67b-d172-42b4-9fb2-bfe54081490c}</UniqueIdentifier>
    </Filter>
    <Filter Include="Source Files\Control">
      <UniqueIdentifier>{85264068-08c7-46fb-8f38-770c8f46a1c6}</UniqueIdentifier>
    </Filter>
  </ItemGroup>
  <ItemGroup>
    <ClCompile Include="Main.cpp">
      <Filter>Source Files\Control</Filter>
    </ClCompile>
    <ClCompile Include="BoardModel.cpp">
      <Filter>Source Files\Model</Filter>
    </ClCompile>
    <ClCompile Include="CellModel.cpp">
      <Filter>Source Files\Model</Filter>
    </ClCompile>
    <ClCompile Include="PieceModel.cpp">
      <Filter>Source Files\Model</Filter>
    </ClCompile>
    <ClCompile Include="StandardPieceModel.cpp">
      <Filter>Source Files\Model</Filter>
    </ClCompile>
    <ClCompile Include="KingPieceModel.cpp">
      <Filter>Source Files\Model</Filter>
    </ClCompile>
    <ClCompile Include="GameModel.cpp">
      <Filter>Source Files\Model</Filter>
    </ClCompile>
    <ClCompile Include="PlayerModel.cpp">
      <Filter>Source Files\Model</Filter>
    </ClCompile>
    <ClCompile Include="InterfaceControl.cpp">
      <Filter>Source Files\Control</Filter>
    </ClCompile>
    <ClCompile Include="Autosave.cpp">
      <Filter>Source Files</Filter>
    </ClCompile>
    <ClCompile Include="Coord.cpp">
      <Filter>Source Files\Model</Filter>
    </ClCompile>
  </ItemGroup>
  <ItemGroup>
    <ClInclude Include="BoardModel.h">
      <Filter>Source Files\Model</Filter>
    </ClInclude>
    <ClInclude Include="CellModel.h">
      <Filter>Source Files\Model</Filter>
    </ClInclude>
    <ClInclude Include="PieceModel.h">
      <Filter>Source Files\Model</Filter>
    </ClInclude>
    <ClInclude Include="PlayerModel.h">
      <Filter>Source Files\Model</Filter>
    </ClInclude>
    <ClInclude Include="StandardPieceModel.h">
      <Filter>Source Files\Model</Filter>
    </ClInclude>
    <ClInclude Include="KingPieceModel.h">
      <Filter>Source Files\Model</Filter>
    </ClInclude>
    <ClInclude Include="GameModel.h">
      <Filter>Source Files\Model</Filter>
    </ClInclude>
    <ClInclude Include="InterfaceControl.h">
      <Filter>Source Files\Control</Filter>
    </ClInclude>
    <ClInclude Include="Coord.h">
      <Filter>Source Files\Model</Filter>
    </ClInclude>
    <ClInclude Include="Autosave.h">
      <Filter>Source Files</Filter>
    </ClInclude>
  </ItemGroup>
</Project>